
Microsoft Visual Studio Solution File, Format Version 12.00
# Visual Studio 15
VisualStudioVersion = 15.0.28307.1145
MinimumVisualStudioVersion = 10.0.40219.1
Project("{FAE04EC0-301F-11D3-BF4B-00C04F79EFBC}") = "CRUD_RAZOR_EF", "CRUD_RAZOR_EF\CRUD_RAZOR_EF.csproj", "{4F269DA0-BD16-4D9B-A2FC-C6D0357B658C}"
EndProject
Global
	GlobalSection(SolutionConfigurationPlatforms) = preSolution
		Debug|Any CPU = Debug|Any CPU
		Release|Any CPU = Release|Any CPU
	EndGlobalSection
	GlobalSection(ProjectConfigurationPlatforms) = postSolution
		{4F269DA0-BD16-4D9B-A2FC-C6D0357B658C}.Debug|Any CPU.ActiveCfg = Debug|Any CPU
		{4F269DA0-BD16-4D9B-A2FC-C6D0357B658C}.Debug|Any CPU.Build.0 = Debug|Any CPU
		{4F269DA0-BD16-4D9B-A2FC-C6D0357B658C}.Release|Any CPU.ActiveCfg = Release|Any CPU
		{4F269DA0-BD16-4D9B-A2FC-C6D0357B658C}.Release|Any CPU.Build.0 = Release|Any CPU
	EndGlobalSection
	GlobalSection(SolutionProperties) = preSolution
		HideSolutionNode = FALSE
	EndGlobalSection
	GlobalSection(ExtensibilityGlobals) = postSolution
		SolutionGuid = {6BEFEC94-8BAD-44F1-8609-85478467EC55}
	EndGlobalSection
EndGlobal
